// !$*UTF8*$!
{
	archiveVersion = 1;
	classes = {
	};
	objectVersion = 50;
	objects = {

/* Begin PBXBuildFile section */
		F4D1723E23BFD562001D09ED /* AppDelegate.swift in Sources */ = {isa = PBXBuildFile; fileRef = F4D1723D23BFD562001D09ED /* AppDelegate.swift */; };
		F4D1724023BFD562001D09ED /* SceneDelegate.swift in Sources */ = {isa = PBXBuildFile; fileRef = F4D1723F23BFD562001D09ED /* SceneDelegate.swift */; };
		F4D1724223BFD562001D09ED /* ViewController.swift in Sources */ = {isa = PBXBuildFile; fileRef = F4D1724123BFD562001D09ED /* ViewController.swift */; };
		F4D1724523BFD562001D09ED /* Main.storyboard in Resources */ = {isa = PBXBuildFile; fileRef = F4D1724323BFD562001D09ED /* Main.storyboard */; };
		F4D1724723BFD564001D09ED /* Assets.xcassets in Resources */ = {isa = PBXBuildFile; fileRef = F4D1724623BFD564001D09ED /* Assets.xcassets */; };
		F4D1724A23BFD564001D09ED /* LaunchScreen.storyboard in Resources */ = {isa = PBXBuildFile; fileRef = F4D1724823BFD564001D09ED /* LaunchScreen.storyboard */; };
		F4D1725423C10186001D09ED /* UIColor_Extension.swift in Sources */ = {isa = PBXBuildFile; fileRef = F4D1725323C10186001D09ED /* UIColor_Extension.swift */; };
		F4D1725923C12290001D09ED /* DownloadStates.swift in Sources */ = {isa = PBXBuildFile; fileRef = F4D1725823C12290001D09ED /* DownloadStates.swift */; };
/* End PBXBuildFile section */

/* Begin PBXFileReference section */
		F4D1723A23BFD562001D09ED /* CircularLoader.app */ = {isa = PBXFileReference; explicitFileType = wrapper.application; includeInIndex = 0; path = CircularLoader.app; sourceTree = BUILT_PRODUCTS_DIR; };
		F4D1723D23BFD562001D09ED /* AppDelegate.swift */ = {isa = PBXFileReference; lastKnownFileType = sourcecode.swift; path = AppDelegate.swift; sourceTree = "<group>"; };
		F4D1723F23BFD562001D09ED /* SceneDelegate.swift */ = {isa = PBXFileReference; lastKnownFileType = sourcecode.swift; path = SceneDelegate.swift; sourceTree = "<group>"; };
		F4D1724123BFD562001D09ED /* ViewController.swift */ = {isa = PBXFileReference; lastKnownFileType = sourcecode.swift; path = ViewController.swift; sourceTree = "<group>"; };
		F4D1724423BFD562001D09ED /* Base */ = {isa = PBXFileReference; lastKnownFileType = file.storyboard; name = Base; path = Base.lproj/Main.storyboard; sourceTree = "<group>"; };
		F4D1724623BFD564001D09ED /* Assets.xcassets */ = {isa = PBXFileReference; lastKnownFileType = folder.assetcatalog; path = Assets.xcassets; sourceTree = "<group>"; };
		F4D1724923BFD564001D09ED /* Base */ = {isa = PBXFileReference; lastKnownFileType = file.storyboard; name = Base; path = Base.lproj/LaunchScreen.storyboard; sourceTree = "<group>"; };
		F4D1724B23BFD564001D09ED /* Info.plist */ = {isa = PBXFileReference; lastKnownFileType = text.plist.xml; path = Info.plist; sourceTree = "<group>"; };
		F4D1725323C10186001D09ED /* UIColor_Extension.swift */ = {isa = PBXFileReference; lastKnownFileType = sourcecode.swift; path = UIColor_Extension.swift; sourceTree = "<group>"; };
		F4D1725823C12290001D09ED /* DownloadStates.swift */ = {isa = PBXFileReference; lastKnownFileType = sourcecode.swift; path = DownloadStates.swift; sourceTree = "<group>"; };
/* End PBXFileReference section */

/* Begin PBXFrameworksBuildPhase section */
		F4D1723723BFD562001D09ED /* Frameworks */ = {
			isa = PBXFrameworksBuildPhase;
			buildActionMask = 2147483647;
			files = (
			);
			runOnlyForDeploymentPostprocessing = 0;
		};
/* End PBXFrameworksBuildPhase section */

/* Begin PBXGroup section */
		F4D1723123BFD562001D09ED = {
			isa = PBXGroup;
			children = (
				F4D1723C23BFD562001D09ED /* CircularLoader */,
				F4D1723B23BFD562001D09ED /* Products */,
			);
			sourceTree = "<group>";
		};
		F4D1723B23BFD562001D09ED /* Products */ = {
			isa = PBXGroup;
			children = (
				F4D1723A23BFD562001D09ED /* CircularLoader.app */,
			);
			name = Products;
			sourceTree = "<group>";
		};
		F4D1723C23BFD562001D09ED /* CircularLoader */ = {
			isa = PBXGroup;
			children = (
				F4D1725A23C1263B001D09ED /* Resources */,
				F4D1725723C1226E001D09ED /* Controller */,
				F4D1725623C12267001D09ED /* View */,
				F4D1725523C1225D001D09ED /* Model */,
				F4D1725123C1016C001D09ED /* Common */,
			);
			path = CircularLoader;
			sourceTree = "<group>";
		};
		F4D1725123C1016C001D09ED /* Common */ = {
			isa = PBXGroup;
			children = (
				F4D1725223C10174001D09ED /* Extensions */,
			);
			path = Common;
			sourceTree = "<group>";
		};
		F4D1725223C10174001D09ED /* Extensions */ = {
			isa = PBXGroup;
			children = (
				F4D1725323C10186001D09ED /* UIColor_Extension.swift */,
			);
			path = Extensions;
			sourceTree = "<group>";
		};
		F4D1725523C1225D001D09ED /* Model */ = {
			isa = PBXGroup;
			children = (
				F4D1725823C12290001D09ED /* DownloadStates.swift */,
			);
			path = Model;
			sourceTree = "<group>";
		};
		F4D1725623C12267001D09ED /* View */ = {
			isa = PBXGroup;
			children = (
				F4D1724323BFD562001D09ED /* Main.storyboard */,
				F4D1724823BFD564001D09ED /* LaunchScreen.storyboard */,
			);
			path = View;
			sourceTree = "<group>";
		};
		F4D1725723C1226E001D09ED /* Controller */ = {
			isa = PBXGroup;
			children = (
				F4D1723D23BFD562001D09ED /* AppDelegate.swift */,
				F4D1723F23BFD562001D09ED /* SceneDelegate.swift */,
				F4D1724123BFD562001D09ED /* ViewController.swift */,
			);
			path = Controller;
			sourceTree = "<group>";
		};
		F4D1725A23C1263B001D09ED /* Resources */ = {
			isa = PBXGroup;
			children = (
				F4D1724623BFD564001D09ED /* Assets.xcassets */,
				F4D1724B23BFD564001D09ED /* Info.plist */,
			);
			path = Resources;
			sourceTree = "<group>";
		};
/* End PBXGroup section */

/* Begin PBXNativeTarget section */
		F4D1723923BFD562001D09ED /* CircularLoader */ = {
			isa = PBXNativeTarget;
			buildConfigurationList = F4D1724E23BFD564001D09ED /* Build configuration list for PBXNativeTarget "CircularLoader" */;
			buildPhases = (
				F4D1723623BFD562001D09ED /* Sources */,
				F4D1723723BFD562001D09ED /* Frameworks */,
				F4D1723823BFD562001D09ED /* Resources */,
			);
			buildRules = (
			);
			dependencies = (
			);
			name = CircularLoader;
			productName = CircularLoader;
			productReference = F4D1723A23BFD562001D09ED /* CircularLoader.app */;
			productType = "com.apple.product-type.application";
		};
/* End PBXNativeTarget section */

/* Begin PBXProject section */
		F4D1723223BFD562001D09ED /* Project object */ = {
			isa = PBXProject;
			attributes = {
				LastSwiftUpdateCheck = 1100;
				LastUpgradeCheck = 1100;
				ORGANIZATIONNAME = "Julio Collado";
				TargetAttributes = {
					F4D1723923BFD562001D09ED = {
						CreatedOnToolsVersion = 11.0;
					};
				};
			};
			buildConfigurationList = F4D1723523BFD562001D09ED /* Build configuration list for PBXProject "CircularLoader" */;
			compatibilityVersion = "Xcode 9.3";
			developmentRegion = en;
			hasScannedForEncodings = 0;
			knownRegions = (
				en,
				Base,
			);
			mainGroup = F4D1723123BFD562001D09ED;
			productRefGroup = F4D1723B23BFD562001D09ED /* Products */;
			projectDirPath = "";
			projectRoot = "";
			targets = (
				F4D1723923BFD562001D09ED /* CircularLoader */,
			);
		};
/* End PBXProject section */

/* Begin PBXResourcesBuildPhase section */
		F4D1723823BFD562001D09ED /* Resources */ = {
			isa = PBXResourcesBuildPhase;
			buildActionMask = 2147483647;
			files = (
				F4D1724A23BFD564001D09ED /* LaunchScreen.storyboard in Resources */,
				F4D1724723BFD564001D09ED /* Assets.xcassets in Resources */,
				F4D1724523BFD562001D09ED /* Main.storyboard in Resources */,
			);
			runOnlyForDeploymentPostprocessing = 0;
		};
/* End PBXResourcesBuildPhase section */

/* Begin PBXSourcesBuildPhase section */
		F4D1723623BFD562001D09ED /* Sources */ = {
			isa = PBXSourcesBuildPhase;
			buildActionMask = 2147483647;
			files = (
				F4D1724223BFD562001D09ED /* ViewController.swift in Sources */,
				F4D1723E23BFD562001D09ED /* AppDelegate.swift in Sources */,
				F4D1724023BFD562001D09ED /* SceneDelegate.swift in Sources */,
				F4D1725923C12290001D09ED /* DownloadStates.swift in Sources */,
				F4D1725423C10186001D09ED /* UIColor_Extension.swift in Sources */,
			);
			runOnlyForDeploymentPostprocessing = 0;
		};
/* End PBXSourcesBuildPhase section */

/* Begin PBXVariantGroup section */
		F4D1724323BFD562001D09ED /* Main.storyboard */ = {
			isa = PBXVariantGroup;
			children = (
				F4D1724423BFD562001D09ED /* Base */,
			);
			name = Main.storyboard;
			sourceTree = "<group>";
		};
		F4D1724823BFD564001D09ED /* LaunchScreen.storyboard */ = {
			isa = PBXVariantGroup;
			children = (
				F4D1724923BFD564001D09ED /* Base */,
			);
			name = LaunchScreen.storyboard;
			sourceTree = "<group>";
		};
/* End PBXVariantGroup section */

/* Begin XCBuildConfiguration section */
		F4D1724C23BFD564001D09ED /* Debug */ = {
			isa = XCBuildConfiguration;
			buildSettings = {
				ALWAYS_SEARCH_USER_PATHS = NO;
				CLANG_ANALYZER_NONNULL = YES;
				CLANG_ANALYZER_NUMBER_OBJECT_CONVERSION = YES_AGGRESSIVE;
				CLANG_CXX_LANGUAGE_STANDARD = "gnu++14";
				CLANG_CXX_LIBRARY = "libc++";
				CLANG_ENABLE_MODULES = YES;
				CLANG_ENABLE_OBJC_ARC = YES;
				CLANG_ENABLE_OBJC_WEAK = YES;
				CLANG_WARN_BLOCK_CAPTURE_AUTORELEASING = YES;
				CLANG_WARN_BOOL_CONVERSION = YES;
				CLANG_WARN_COMMA = YES;
				CLANG_WARN_CONSTANT_CONVERSION = YES;
				CLANG_WARN_DEPRECATED_OBJC_IMPLEMENTATIONS = YES;
				CLANG_WARN_DIRECT_OBJC_ISA_USAGE = YES_ERROR;
				CLANG_WARN_DOCUMENTATION_COMMENTS = YES;
				CLANG_WARN_EMPTY_BODY = YES;
				CLANG_WARN_ENUM_CONVERSION = YES;
				CLANG_WARN_INFINITE_RECURSION = YES;
				CLANG_WARN_INT_CONVERSION = YES;
				CLANG_WARN_NON_LITERAL_NULL_CONVERSION = YES;
				CLANG_WARN_OBJC_IMPLICIT_RETAIN_SELF = YES;
				CLANG_WARN_OBJC_LITERAL_CONVERSION = YES;
				CLANG_WARN_OBJC_ROOT_CLASS = YES_ERROR;
				CLANG_WARN_RANGE_LOOP_ANALYSIS = YES;
				CLANG_WARN_STRICT_PROTOTYPES = YES;
				CLANG_WARN_SUSPICIOUS_MOVE = YES;
				CLANG_WARN_UNGUARDED_AVAILABILITY = YES_AGGRESSIVE;
				CLANG_WARN_UNREACHABLE_CODE = YES;
				CLANG_WARN__DUPLICATE_METHOD_MATCH = YES;
				COPY_PHASE_STRIP = NO;
				DEBUG_INFORMATION_FORMAT = dwarf;
				ENABLE_STRICT_OBJC_MSGSEND = YES;
				ENABLE_TESTABILITY = YES;
				GCC_C_LANGUAGE_STANDARD = gnu11;
				GCC_DYNAMIC_NO_PIC = NO;
				GCC_NO_COMMON_BLOCKS = YES;
				GCC_OPTIMIZATION_LEVEL = 0;
				GCC_PREPROCESSOR_DEFINITIONS = (
					"DEBUG=1",
					"$(inherited)",
				);
				GCC_WARN_64_TO_32_BIT_CONVERSION = YES;
				GCC_WARN_ABOUT_RETURN_TYPE = YES_ERROR;
				GCC_WARN_UNDECLARED_SELECTOR = YES;
				GCC_WARN_UNINITIALIZED_AUTOS = YES_AGGRESSIVE;
				GCC_WARN_UNUSED_FUNCTION = YES;
				GCC_WARN_UNUSED_VARIABLE = YES;
				IPHONEOS_DEPLOYMENT_TARGET = 11.0;
				MTL_ENABLE_DEBUG_INFO = INCLUDE_SOURCE;
				MTL_FAST_MATH = YES;
				ONLY_ACTIVE_ARCH = YES;
				SDKROOT = iphoneos;
				SWIFT_ACTIVE_COMPILATION_CONDITIONS = DEBUG;
				SWIFT_OPTIMIZATION_LEVEL = "-Onone";
			};
			name = Debug;
		};
		F4D1724D23BFD564001D09ED /* Release */ = {
			isa = XCBuildConfiguration;
			buildSettings = {
				ALWAYS_SEARCH_USER_PATHS = NO;
				CLANG_ANALYZER_NONNULL = YES;
				CLANG_ANALYZER_NUMBER_OBJECT_CONVERSION = YES_AGGRESSIVE;
				CLANG_CXX_LANGUAGE_STANDARD = "gnu++14";
				CLANG_CXX_LIBRARY = "libc++";
				CLANG_ENABLE_MODULES = YES;
				CLANG_ENABLE_OBJC_ARC = YES;
				CLANG_ENABLE_OBJC_WEAK = YES;
				CLANG_WARN_BLOCK_CAPTURE_AUTORELEASING = YES;
				CLANG_WARN_BOOL_CONVERSION = YES;
				CLANG_WARN_COMMA = YES;
				CLANG_WARN_CONSTANT_CONVERSION = YES;
				CLANG_WARN_DEPRECATED_OBJC_IMPLEMENTATIONS = YES;
				CLANG_WARN_DIRECT_OBJC_ISA_USAGE = YES_ERROR;
				CLANG_WARN_DOCUMENTATION_COMMENTS = YES;
				CLANG_WARN_EMPTY_BODY = YES;
				CLANG_WARN_ENUM_CONVERSION = YES;
				CLANG_WARN_INFINITE_RECURSION = YES;
				CLANG_WARN_INT_CONVERSION = YES;
				CLANG_WARN_NON_LITERAL_NULL_CONVERSION = YES;
				CLANG_WARN_OBJC_IMPLICIT_RETAIN_SELF = YES;
				CLANG_WARN_OBJC_LITERAL_CONVERSION = YES;
				CLANG_WARN_OBJC_ROOT_CLASS = YES_ERROR;
				CLANG_WARN_RANGE_LOOP_ANALYSIS = YES;
				CLANG_WARN_STRICT_PROTOTYPES = YES;
				CLANG_WARN_SUSPICIOUS_MOVE = YES;
				CLANG_WARN_UNGUARDED_AVAILABILITY = YES_AGGRESSIVE;
				CLANG_WARN_UNREACHABLE_CODE = YES;
				CLANG_WARN__DUPLICATE_METHOD_MATCH = YES;
				COPY_PHASE_STRIP = NO;
				DEBUG_INFORMATION_FORMAT = "dwarf-with-dsym";
				ENABLE_NS_ASSERTIONS = NO;
				ENABLE_STRICT_OBJC_MSGSEND = YES;
				GCC_C_LANGUAGE_STANDARD = gnu11;
				GCC_NO_COMMON_BLOCKS = YES;
				GCC_WARN_64_TO_32_BIT_CONVERSION = YES;
				GCC_WARN_ABOUT_RETURN_TYPE = YES_ERROR;
				GCC_WARN_UNDECLARED_SELECTOR = YES;
				GCC_WARN_UNINITIALIZED_AUTOS = YES_AGGRESSIVE;
				GCC_WARN_UNUSED_FUNCTION = YES;
				GCC_WARN_UNUSED_VARIABLE = YES;
				IPHONEOS_DEPLOYMENT_TARGET = 11.0;
				MTL_ENABLE_DEBUG_INFO = NO;
				MTL_FAST_MATH = YES;
				SDKROOT = iphoneos;
				SWIFT_COMPILATION_MODE = wholemodule;
				SWIFT_OPTIMIZATION_LEVEL = "-O";
				VALIDATE_PRODUCT = YES;
			};
			name = Release;
		};
		F4D1724F23BFD564001D09ED /* Debug */ = {
			isa = XCBuildConfiguration;
			buildSettings = {
				ASSETCATALOG_COMPILER_APPICON_NAME = AppIcon;
				CODE_SIGN_STYLE = Automatic;
				DEVELOPMENT_TEAM = ACA42AA29E;
				INFOPLIST_FILE = CircularLoader/Resources/Info.plist;
				LD_RUNPATH_SEARCH_PATHS = (
					"$(inherited)",
					"@executable_path/Frameworks",
				);
				PRODUCT_BUNDLE_IDENTIFIER = com.jcollado.CircularLoader;
				PRODUCT_NAME = "$(TARGET_NAME)";
				SWIFT_VERSION = 5.0;
				TARGETED_DEVICE_FAMILY = 1;
			};
			name = Debug;
		};
		F4D1725023BFD564001D09ED /* Release */ = {
			isa = XCBuildConfiguration;
			buildSettings = {
				ASSETCATALOG_COMPILER_APPICON_NAME = AppIcon;
				CODE_SIGN_STYLE = Automatic;
				DEVELOPMENT_TEAM = ACA42AA29E;
				INFOPLIST_FILE = CircularLoader/Resources/Info.plist;
				LD_RUNPATH_SEARCH_PATHS = (
					"$(inherited)",
					"@executable_path/Frameworks",
				);
				PRODUCT_BUNDLE_IDENTIFIER = com.jcollado.CircularLoader;
				PRODUCT_NAME = "$(TARGET_NAME)";
				SWIFT_VERSION = 5.0;
				TARGETED_DEVICE_FAMILY = 1;
			};
			name = Release;
		};
/* End XCBuildConfiguration section */

/* Begin XCConfigurationList section */
		F4D1723523BFD562001D09ED /* Build configuration list for PBXProject "CircularLoader" */ = {
			isa = XCConfigurationList;
			buildConfigurations = (
				F4D1724C23BFD564001D09ED /* Debug */,
				F4D1724D23BFD564001D09ED /* Release */,
			);
			defaultConfigurationIsVisible = 0;
			defaultConfigurationName = Release;
		};
		F4D1724E23BFD564001D09ED /* Build configuration list for PBXNativeTarget "CircularLoader" */ = {
			isa = XCConfigurationList;
			buildConfigurations = (
				F4D1724F23BFD564001D09ED /* Debug */,
				F4D1725023BFD564001D09ED /* Release */,
			);
			defaultConfigurationIsVisible = 0;
			defaultConfigurationName = Release;
		};
/* End XCConfigurationList section */
	};
	rootObject = F4D1723223BFD562001D09ED /* Project object */;
}
